
Microsoft Visual Studio Solution File, Format Version 12.00
# Visual Studio 2013
VisualStudioVersion = 12.0.31101.0
MinimumVisualStudioVersion = 10.0.40219.1
Project("{FAE04EC0-301F-11D3-BF4B-00C04F79EFBC}") = "TDGame", "TDGame\TDGame.csproj", "{0DF107E1-96FE-4D73-A452-2F2E34EBA277}"
EndProject
Global
	GlobalSection(SolutionConfigurationPlatforms) = preSolution
		Debug|x86 = Debug|x86
		Release_Client|x86 = Release_Client|x86
		Release_Server|x86 = Release_Server|x86
	EndGlobalSection
	GlobalSection(ProjectConfigurationPlatforms) = postSolution
		{0DF107E1-96FE-4D73-A452-2F2E34EBA277}.Debug|x86.ActiveCfg = Debug|x86
		{0DF107E1-96FE-4D73-A452-2F2E34EBA277}.Debug|x86.Build.0 = Debug|x86
		{0DF107E1-96FE-4D73-A452-2F2E34EBA277}.Release_Client|x86.ActiveCfg = Release_Client|x86
		{0DF107E1-96FE-4D73-A452-2F2E34EBA277}.Release_Client|x86.Build.0 = Release_Client|x86
		{0DF107E1-96FE-4D73-A452-2F2E34EBA277}.Release_Server|x86.ActiveCfg = Release_Server|x86
		{0DF107E1-96FE-4D73-A452-2F2E34EBA277}.Release_Server|x86.Build.0 = Release_Server|x86
	EndGlobalSection
	GlobalSection(SolutionProperties) = preSolution
		HideSolutionNode = FALSE
	EndGlobalSection
EndGlobal
